
Microsoft Visual Studio Solution File, Format Version 12.00
# Visual Studio Express 2012 for Windows Desktop
Project("{FAE04EC0-301F-11D3-BF4B-00C04F79EFBC}") = "CSharpREPL", "CSharpREPL\CSharpREPL.csproj", "{96FF3D2E-C2FA-4427-B07D-2B7DBCC3EAF4}"
EndProject
Global
	GlobalSection(SolutionConfigurationPlatforms) = preSolution
		Debug|Any CPU = Debug|Any CPU
		Release|Any CPU = Release|Any CPU
	EndGlobalSection
	GlobalSection(ProjectConfigurationPlatforms) = postSolution
		{96FF3D2E-C2FA-4427-B07D-2B7DBCC3EAF4}.Debug|Any CPU.ActiveCfg = Debug|Any CPU
		{96FF3D2E-C2FA-4427-B07D-2B7DBCC3EAF4}.Debug|Any CPU.Build.0 = Debug|Any CPU
		{96FF3D2E-C2FA-4427-B07D-2B7DBCC3EAF4}.Release|Any CPU.ActiveCfg = Release|Any CPU
		{96FF3D2E-C2FA-4427-B07D-2B7DBCC3EAF4}.Release|Any CPU.Build.0 = Release|Any CPU
	EndGlobalSection
	GlobalSection(SolutionProperties) = preSolution
		HideSolutionNode = FALSE
	EndGlobalSection
EndGlobal
